
Microsoft Visual Studio Solution File, Format Version 12.00
# Visual Studio 15
VisualStudioVersion = 15.0.27703.2042
MinimumVisualStudioVersion = 10.0.40219.1
Project("{8BC9CEB8-8B4A-11D0-8D11-00A0C91BC942}") = "1_1", "1_1\1_1.vcxproj", "{C5267849-7C10-4A2E-8C1D-3213AE390876}"
EndProject
Project("{8BC9CEB8-8B4A-11D0-8D11-00A0C91BC942}") = "1_2", "1_2\1_2.vcxproj", "{D2182E8F-E635-4D43-8836-136D0F52AAA1}"
EndProject
Project("{8BC9CEB8-8B4A-11D0-8D11-00A0C91BC942}") = "1_3", "1_3\1_3.vcxproj", "{C0798D8E-FE04-46FB-9F5A-28FCA6CAEABE}"
EndProject
Project("{8BC9CEB8-8B4A-11D0-8D11-00A0C91BC942}") = "1_4", "1_4\1_4.vcxproj", "{29ECF739-FBDC-4F12-A062-6D18CF62FAEA}"
EndProject
Project("{8BC9CEB8-8B4A-11D0-8D11-00A0C91BC942}") = "1_5", "1_5\1_5.vcxproj", "{7FC13A89-33B2-4442-962A-8CD92FD5F21C}"
EndProject
Project("{8BC9CEB8-8B4A-11D0-8D11-00A0C91BC942}") = "1_6", "1_6\1_6.vcxproj", "{151552BD-4AD0-4436-ABBD-05D57EB655A9}"
EndProject
Project("{8BC9CEB8-8B4A-11D0-8D11-00A0C91BC942}") = "1_7", "1_7\1_7.vcxproj", "{AF2C57EA-960D-4B61-963F-D22C9B48BF99}"
EndProject
Global
	GlobalSection(SolutionConfigurationPlatforms) = preSolution
		Debug|x64 = Debug|x64
		Debug|x86 = Debug|x86
		Release|x64 = Release|x64
		Release|x86 = Release|x86
	EndGlobalSection
	GlobalSection(ProjectConfigurationPlatforms) = postSolution
		{C5267849-7C10-4A2E-8C1D-3213AE390876}.Debug|x64.ActiveCfg = Debug|x64
		{C5267849-7C10-4A2E-8C1D-3213AE390876}.Debug|x64.Build.0 = Debug|x64
		{C5267849-7C10-4A2E-8C1D-3213AE390876}.Debug|x86.ActiveCfg = Debug|Win32
		{C5267849-7C10-4A2E-8C1D-3213AE390876}.Debug|x86.Build.0 = Debug|Win32
		{C5267849-7C10-4A2E-8C1D-3213AE390876}.Release|x64.ActiveCfg = Release|x64
		{C5267849-7C10-4A2E-8C1D-3213AE390876}.Release|x64.Build.0 = Release|x64
		{C5267849-7C10-4A2E-8C1D-3213AE390876}.Release|x86.ActiveCfg = Release|Win32
		{C5267849-7C10-4A2E-8C1D-3213AE390876}.Release|x86.Build.0 = Release|Win32
		{D2182E8F-E635-4D43-8836-136D0F52AAA1}.Debug|x64.ActiveCfg = Debug|x64
		{D2182E8F-E635-4D43-8836-136D0F52AAA1}.Debug|x64.Build.0 = Debug|x64
		{D2182E8F-E635-4D43-8836-136D0F52AAA1}.Debug|x86.ActiveCfg = Debug|Win32
		{D2182E8F-E635-4D43-8836-136D0F52AAA1}.Debug|x86.Build.0 = Debug|Win32
		{D2182E8F-E635-4D43-8836-136D0F52AAA1}.Release|x64.ActiveCfg = Release|x64
		{D2182E8F-E635-4D43-8836-136D0F52AAA1}.Release|x64.Build.0 = Release|x64
		{D2182E8F-E635-4D43-8836-136D0F52AAA1}.Release|x86.ActiveCfg = Release|Win32
		{D2182E8F-E635-4D43-8836-136D0F52AAA1}.Release|x86.Build.0 = Release|Win32
		{C0798D8E-FE04-46FB-9F5A-28FCA6CAEABE}.Debug|x64.ActiveCfg = Debug|x64
		{C0798D8E-FE04-46FB-9F5A-28FCA6CAEABE}.Debug|x64.Build.0 = Debug|x64
		{C0798D8E-FE04-46FB-9F5A-28FCA6CAEABE}.Debug|x86.ActiveCfg = Debug|Win32
		{C0798D8E-FE04-46FB-9F5A-28FCA6CAEABE}.Debug|x86.Build.0 = Debug|Win32
		{C0798D8E-FE04-46FB-9F5A-28FCA6CAEABE}.Release|x64.ActiveCfg = Release|x64
		{C0798D8E-FE04-46FB-9F5A-28FCA6CAEABE}.Release|x64.Build.0 = Release|x64
		{C0798D8E-FE04-46FB-9F5A-28FCA6CAEABE}.Release|x86.ActiveCfg = Release|Win32
		{C0798D8E-FE04-46FB-9F5A-28FCA6CAEABE}.Release|x86.Build.0 = Release|Win32
		{29ECF739-FBDC-4F12-A062-6D18CF62FAEA}.Debug|x64.ActiveCfg = Debug|x64
		{29ECF739-FBDC-4F12-A062-6D18CF62FAEA}.Debug|x64.Build.0 = Debug|x64
		{29ECF739-FBDC-4F12-A062-6D18CF62FAEA}.Debug|x86.ActiveCfg = Debug|Win32
		{29ECF739-FBDC-4F12-A062-6D18CF62FAEA}.Debug|x86.Build.0 = Debug|Win32
		{29ECF739-FBDC-4F12-A062-6D18CF62FAEA}.Release|x64.ActiveCfg = Release|x64
		{29ECF739-FBDC-4F12-A062-6D18CF62FAEA}.Release|x64.Build.0 = Release|x64
		{29ECF739-FBDC-4F12-A062-6D18CF62FAEA}.Release|x86.ActiveCfg = Release|Win32
		{29ECF739-FBDC-4F12-A062-6D18CF62FAEA}.Release|x86.Build.0 = Release|Win32
		{7FC13A89-33B2-4442-962A-8CD92FD5F21C}.Debug|x64.ActiveCfg = Debug|x64
		{7FC13A89-33B2-4442-962A-8CD92FD5F21C}.Debug|x64.Build.0 = Debug|x64
		{7FC13A89-33B2-4442-962A-8CD92FD5F21C}.Debug|x86.ActiveCfg = Debug|Win32
		{7FC13A89-33B2-4442-962A-8CD92FD5F21C}.Debug|x86.Build.0 = Debug|Win32
		{7FC13A89-33B2-4442-962A-8CD92FD5F21C}.Release|x64.ActiveCfg = Release|x64
		{7FC13A89-33B2-4442-962A-8CD92FD5F21C}.Release|x64.Build.0 = Release|x64
		{7FC13A89-33B2-4442-962A-8CD92FD5F21C}.Release|x86.ActiveCfg = Release|Win32
		{7FC13A89-33B2-4442-962A-8CD92FD5F21C}.Release|x86.Build.0 = Release|Win32
		{151552BD-4AD0-4436-ABBD-05D57EB655A9}.Debug|x64.ActiveCfg = Debug|x64
		{151552BD-4AD0-4436-ABBD-05D57EB655A9}.Debug|x64.Build.0 = Debug|x64
		{151552BD-4AD0-4436-ABBD-05D57EB655A9}.Debug|x86.ActiveCfg = Debug|Win32
		{151552BD-4AD0-4436-ABBD-05D57EB655A9}.Debug|x86.Build.0 = Debug|Win32
		{151552BD-4AD0-4436-ABBD-05D57EB655A9}.Release|x64.ActiveCfg = Release|x64
		{151552BD-4AD0-4436-ABBD-05D57EB655A9}.Release|x64.Build.0 = Release|x64
		{151552BD-4AD0-4436-ABBD-05D57EB655A9}.Release|x86.ActiveCfg = Release|Win32
		{151552BD-4AD0-4436-ABBD-05D57EB655A9}.Release|x86.Build.0 = Release|Win32
		{AF2C57EA-960D-4B61-963F-D22C9B48BF99}.Debug|x64.ActiveCfg = Debug|x64
		{AF2C57EA-960D-4B61-963F-D22C9B48BF99}.Debug|x64.Build.0 = Debug|x64
		{AF2C57EA-960D-4B61-963F-D22C9B48BF99}.Debug|x86.ActiveCfg = Debug|Win32
		{AF2C57EA-960D-4B61-963F-D22C9B48BF99}.Debug|x86.Build.0 = Debug|Win32
		{AF2C57EA-960D-4B61-963F-D22C9B48BF99}.Release|x64.ActiveCfg = Release|x64
		{AF2C57EA-960D-4B61-963F-D22C9B48BF99}.Release|x64.Build.0 = Release|x64
		{AF2C57EA-960D-4B61-963F-D22C9B48BF99}.Release|x86.ActiveCfg = Release|Win32
		{AF2C57EA-960D-4B61-963F-D22C9B48BF99}.Release|x86.Build.0 = Release|Win32
	EndGlobalSection
	GlobalSection(SolutionProperties) = preSolution
		HideSolutionNode = FALSE
	EndGlobalSection
	GlobalSection(ExtensibilityGlobals) = postSolution
		SolutionGuid = {E741E22E-A986-4594-9AA0-845D86023383}
	EndGlobalSection
EndGlobal
